
Microsoft Visual Studio Solution File, Format Version 12.00
# Visual Studio Version 16
VisualStudioVersion = 16.0.28803.452
MinimumVisualStudioVersion = 10.0.40219.1
Project("{FAE04EC0-301F-11D3-BF4B-00C04F79EFBC}") = "ApiContribuinte", "ApiContribuinte\ApiContribuinte.csproj", "{1915A77D-15B0-4DDA-B4A1-130F200D0CBF}"
EndProject
Global
	GlobalSection(SolutionConfigurationPlatforms) = preSolution
		Debug|Any CPU = Debug|Any CPU
		Release|Any CPU = Release|Any CPU
	EndGlobalSection
	GlobalSection(ProjectConfigurationPlatforms) = postSolution
		{1915A77D-15B0-4DDA-B4A1-130F200D0CBF}.Debug|Any CPU.ActiveCfg = Debug|Any CPU
		{1915A77D-15B0-4DDA-B4A1-130F200D0CBF}.Debug|Any CPU.Build.0 = Debug|Any CPU
		{1915A77D-15B0-4DDA-B4A1-130F200D0CBF}.Release|Any CPU.ActiveCfg = Release|Any CPU
		{1915A77D-15B0-4DDA-B4A1-130F200D0CBF}.Release|Any CPU.Build.0 = Release|Any CPU
	EndGlobalSection
	GlobalSection(SolutionProperties) = preSolution
		HideSolutionNode = FALSE
	EndGlobalSection
	GlobalSection(ExtensibilityGlobals) = postSolution
		SolutionGuid = {65A85833-E1A6-4936-A0D5-8A5D891DD413}
	EndGlobalSection
EndGlobal
